{
  "name": "@openzeppelin/contracts",
  "version": "4.9.6",
  "lockfileVersion": 3,
  "requires": true,
  "packages": {
    "": {
      "name": "@openzeppelin/contracts",
      "version": "4.9.6",
      "license": "MIT",
      "dependencies": {
        "@openzeppelin/contracts": "file:"
      }
    },
    "node_modules/@openzeppelin/contracts": {
      "resolved": "",
      "link": true
    }
  }
}
